
Microsoft Visual Studio Solution File, Format Version 12.00
# Visual Studio Version 16
VisualStudioVersion = 16.0.31205.134
MinimumVisualStudioVersion = 10.0.40219.1
Project("{FAE04EC0-301F-11D3-BF4B-00C04F79EFBC}") = "yoshi-revision", "yoshi-revision.csproj", "{A01AE8C0-230B-43C6-A036-789EC987E9CC}"
EndProject
Global
	GlobalSection(SolutionConfigurationPlatforms) = preSolution
		Debug|Any CPU = Debug|Any CPU
		Release|Any CPU = Release|Any CPU
	EndGlobalSection
	GlobalSection(ProjectConfigurationPlatforms) = postSolution
		{A01AE8C0-230B-43C6-A036-789EC987E9CC}.Debug|Any CPU.ActiveCfg = Debug|Any CPU
		{A01AE8C0-230B-43C6-A036-789EC987E9CC}.Debug|Any CPU.Build.0 = Debug|Any CPU
		{A01AE8C0-230B-43C6-A036-789EC987E9CC}.Release|Any CPU.ActiveCfg = Release|Any CPU
		{A01AE8C0-230B-43C6-A036-789EC987E9CC}.Release|Any CPU.Build.0 = Release|Any CPU
	EndGlobalSection
	GlobalSection(SolutionProperties) = preSolution
		HideSolutionNode = FALSE
	EndGlobalSection
	GlobalSection(ExtensibilityGlobals) = postSolution
		SolutionGuid = {DAF4E868-FFAA-42EF-8E42-974E8101C074}
	EndGlobalSection
EndGlobal
